
Microsoft Visual Studio Solution File, Format Version 12.00
# Visual Studio Version 16
VisualStudioVersion = 16.0.31424.327
MinimumVisualStudioVersion = 10.0.40219.1
Project("{FAE04EC0-301F-11D3-BF4B-00C04F79EFBC}") = "EjemploSender", "EjemploSender\EjemploSender.csproj", "{1EB18B66-21E7-4C92-944A-0937379747BD}"
EndProject
Global
	GlobalSection(SolutionConfigurationPlatforms) = preSolution
		Debug|Any CPU = Debug|Any CPU
		Release|Any CPU = Release|Any CPU
	EndGlobalSection
	GlobalSection(ProjectConfigurationPlatforms) = postSolution
		{1EB18B66-21E7-4C92-944A-0937379747BD}.Debug|Any CPU.ActiveCfg = Debug|Any CPU
		{1EB18B66-21E7-4C92-944A-0937379747BD}.Debug|Any CPU.Build.0 = Debug|Any CPU
		{1EB18B66-21E7-4C92-944A-0937379747BD}.Release|Any CPU.ActiveCfg = Release|Any CPU
		{1EB18B66-21E7-4C92-944A-0937379747BD}.Release|Any CPU.Build.0 = Release|Any CPU
	EndGlobalSection
	GlobalSection(SolutionProperties) = preSolution
		HideSolutionNode = FALSE
	EndGlobalSection
	GlobalSection(ExtensibilityGlobals) = postSolution
		SolutionGuid = {8D79204E-9DBC-4848-B68A-3A330AE68552}
	EndGlobalSection
EndGlobal
