
Microsoft Visual Studio Solution File, Format Version 12.00
# Visual Studio Version 16
VisualStudioVersion = 16.0.31424.327
MinimumVisualStudioVersion = 10.0.40219.1
Project("{FAE04EC0-301F-11D3-BF4B-00C04F79EFBC}") = "CuadrosDeTexto", "CuadrosDeTexto\CuadrosDeTexto.csproj", "{4938D6B5-8806-405F-B5CB-3E2D12E0AAB4}"
EndProject
Global
	GlobalSection(SolutionConfigurationPlatforms) = preSolution
		Debug|Any CPU = Debug|Any CPU
		Release|Any CPU = Release|Any CPU
	EndGlobalSection
	GlobalSection(ProjectConfigurationPlatforms) = postSolution
		{4938D6B5-8806-405F-B5CB-3E2D12E0AAB4}.Debug|Any CPU.ActiveCfg = Debug|Any CPU
		{4938D6B5-8806-405F-B5CB-3E2D12E0AAB4}.Debug|Any CPU.Build.0 = Debug|Any CPU
		{4938D6B5-8806-405F-B5CB-3E2D12E0AAB4}.Release|Any CPU.ActiveCfg = Release|Any CPU
		{4938D6B5-8806-405F-B5CB-3E2D12E0AAB4}.Release|Any CPU.Build.0 = Release|Any CPU
	EndGlobalSection
	GlobalSection(SolutionProperties) = preSolution
		HideSolutionNode = FALSE
	EndGlobalSection
	GlobalSection(ExtensibilityGlobals) = postSolution
		SolutionGuid = {CB1C53A5-9E67-49A2-806C-F02A89A62F48}
	EndGlobalSection
EndGlobal
