
Microsoft Visual Studio Solution File, Format Version 12.00
# Visual Studio Version 16
VisualStudioVersion = 16.0.31424.327
MinimumVisualStudioVersion = 10.0.40219.1
Project("{FAE04EC0-301F-11D3-BF4B-00C04F79EFBC}") = "ejemploComando", "ejemploComando\ejemploComando.csproj", "{316D99A6-91D5-418E-AAD3-D7BFD517729B}"
EndProject
Global
	GlobalSection(SolutionConfigurationPlatforms) = preSolution
		Debug|Any CPU = Debug|Any CPU
		Release|Any CPU = Release|Any CPU
	EndGlobalSection
	GlobalSection(ProjectConfigurationPlatforms) = postSolution
		{316D99A6-91D5-418E-AAD3-D7BFD517729B}.Debug|Any CPU.ActiveCfg = Debug|Any CPU
		{316D99A6-91D5-418E-AAD3-D7BFD517729B}.Debug|Any CPU.Build.0 = Debug|Any CPU
		{316D99A6-91D5-418E-AAD3-D7BFD517729B}.Release|Any CPU.ActiveCfg = Release|Any CPU
		{316D99A6-91D5-418E-AAD3-D7BFD517729B}.Release|Any CPU.Build.0 = Release|Any CPU
	EndGlobalSection
	GlobalSection(SolutionProperties) = preSolution
		HideSolutionNode = FALSE
	EndGlobalSection
	GlobalSection(ExtensibilityGlobals) = postSolution
		SolutionGuid = {E3A23DB3-1BF2-4989-97FA-9E1ACC5A856C}
	EndGlobalSection
EndGlobal
