
Microsoft Visual Studio Solution File, Format Version 12.00
# Visual Studio Version 16
VisualStudioVersion = 16.0.31424.327
MinimumVisualStudioVersion = 10.0.40219.1
Project("{FAE04EC0-301F-11D3-BF4B-00C04F79EFBC}") = "MemeMaker", "MemeMaker\MemeMaker.csproj", "{1C25B296-A48F-4D2E-944D-42E89E3C10F0}"
EndProject
Global
	GlobalSection(SolutionConfigurationPlatforms) = preSolution
		Debug|Any CPU = Debug|Any CPU
		Release|Any CPU = Release|Any CPU
	EndGlobalSection
	GlobalSection(ProjectConfigurationPlatforms) = postSolution
		{1C25B296-A48F-4D2E-944D-42E89E3C10F0}.Debug|Any CPU.ActiveCfg = Debug|Any CPU
		{1C25B296-A48F-4D2E-944D-42E89E3C10F0}.Debug|Any CPU.Build.0 = Debug|Any CPU
		{1C25B296-A48F-4D2E-944D-42E89E3C10F0}.Release|Any CPU.ActiveCfg = Release|Any CPU
		{1C25B296-A48F-4D2E-944D-42E89E3C10F0}.Release|Any CPU.Build.0 = Release|Any CPU
	EndGlobalSection
	GlobalSection(SolutionProperties) = preSolution
		HideSolutionNode = FALSE
	EndGlobalSection
	GlobalSection(ExtensibilityGlobals) = postSolution
		SolutionGuid = {6E209634-503E-4945-9253-B532C1828377}
	EndGlobalSection
EndGlobal
