
Microsoft Visual Studio Solution File, Format Version 12.00
# Visual Studio Version 16
VisualStudioVersion = 16.0.31424.327
MinimumVisualStudioVersion = 10.0.40219.1
Project("{FAE04EC0-301F-11D3-BF4B-00C04F79EFBC}") = "EjemploDockPanel", "EjemploDockPanel\EjemploDockPanel.csproj", "{0F1332DE-E926-47FC-8E67-453AF7DAA5A5}"
EndProject
Global
	GlobalSection(SolutionConfigurationPlatforms) = preSolution
		Debug|Any CPU = Debug|Any CPU
		Release|Any CPU = Release|Any CPU
	EndGlobalSection
	GlobalSection(ProjectConfigurationPlatforms) = postSolution
		{0F1332DE-E926-47FC-8E67-453AF7DAA5A5}.Debug|Any CPU.ActiveCfg = Debug|Any CPU
		{0F1332DE-E926-47FC-8E67-453AF7DAA5A5}.Debug|Any CPU.Build.0 = Debug|Any CPU
		{0F1332DE-E926-47FC-8E67-453AF7DAA5A5}.Release|Any CPU.ActiveCfg = Release|Any CPU
		{0F1332DE-E926-47FC-8E67-453AF7DAA5A5}.Release|Any CPU.Build.0 = Release|Any CPU
	EndGlobalSection
	GlobalSection(SolutionProperties) = preSolution
		HideSolutionNode = FALSE
	EndGlobalSection
	GlobalSection(ExtensibilityGlobals) = postSolution
		SolutionGuid = {1A71CCA3-285F-4DD3-BF81-4DACC35CB61B}
	EndGlobalSection
EndGlobal
